
Microsoft Visual Studio Solution File, Format Version 12.00
# Visual Studio Version 17
VisualStudioVersion = 17.9.34622.214
MinimumVisualStudioVersion = 10.0.40219.1
Project("{2150E333-8FDC-42A3-9474-1A3956D46DE8}") = "Applications", "Applications", "{A65005EA-8606-44A4-AE13-3E83FC486B14}"
EndProject
Project("{2150E333-8FDC-42A3-9474-1A3956D46DE8}") = "DataStructures", "DataStructures", "{0BAEB849-FC0B-4ED5-884E-01DE3449FE94}"
EndProject
Project("{2150E333-8FDC-42A3-9474-1A3956D46DE8}") = "Libraries", "Libraries", "{01E7C875-E881-404C-89A0-F9B58052F100}"
EndProject
Project("{2150E333-8FDC-42A3-9474-1A3956D46DE8}") = "Tests", "Tests", "{BDE52034-DC0F-45D0-B2AF-C9C33F127D1A}"
EndProject
Project("{2150E333-8FDC-42A3-9474-1A3956D46DE8}") = "Maths", "Maths", "{E3A7390B-099A-4171-949C-AB2AA71B0451}"
EndProject
Project("{9A19103F-16F7-4668-BE54-9A1E7A4F7556}") = "Maths", "Liabraries\Maths\Maths\Maths.csproj", "{010861CA-0A4D-43AC-9036-82E91B0D34E7}"
EndProject
Project("{9A19103F-16F7-4668-BE54-9A1E7A4F7556}") = "MathsTests", "Tests\MathsTests\MathsTests.csproj", "{9717572A-B64B-4C53-8542-5E25EF38C823}"
EndProject
Project("{9A19103F-16F7-4668-BE54-9A1E7A4F7556}") = "Array", "DataStructures\Array\Array.csproj", "{9D226E83-EEAE-4987-994C-4846290DAA81}"
EndProject
Project("{9A19103F-16F7-4668-BE54-9A1E7A4F7556}") = "Console", "Applications\Console\Console.csproj", "{DFE12A2B-1632-4EE6-8D37-14A4BA37A725}"
EndProject
Project("{9A19103F-16F7-4668-BE54-9A1E7A4F7556}") = "ArrayTests", "Tests\ArrayTests\ArrayTests.csproj", "{2B324BB6-C43F-4DA4-B141-CE5DDC0352FA}"
EndProject
Project("{9A19103F-16F7-4668-BE54-9A1E7A4F7556}") = "LinkedList", "DataStructures\LinkedList\LinkedList.csproj", "{7A581D11-A57A-4190-B18C-AFCD8871BE0A}"
EndProject
Project("{9A19103F-16F7-4668-BE54-9A1E7A4F7556}") = "LinkedListTests", "Tests\LinkedListTests\LinkedListTests.csproj", "{6B68BD3B-8FB0-45F8-853B-FDD296B42A94}"
EndProject
Project("{FAE04EC0-301F-11D3-BF4B-00C04F79EFBC}") = "Stack", "DataStructures\Stack\Stack.csproj", "{1B6FB9E6-AF64-493A-890E-0F258BEE74D3}"
EndProject
Global
	GlobalSection(SolutionConfigurationPlatforms) = preSolution
		Debug|Any CPU = Debug|Any CPU
		Release|Any CPU = Release|Any CPU
	EndGlobalSection
	GlobalSection(ProjectConfigurationPlatforms) = postSolution
		{010861CA-0A4D-43AC-9036-82E91B0D34E7}.Debug|Any CPU.ActiveCfg = Debug|Any CPU
		{010861CA-0A4D-43AC-9036-82E91B0D34E7}.Debug|Any CPU.Build.0 = Debug|Any CPU
		{010861CA-0A4D-43AC-9036-82E91B0D34E7}.Release|Any CPU.ActiveCfg = Release|Any CPU
		{010861CA-0A4D-43AC-9036-82E91B0D34E7}.Release|Any CPU.Build.0 = Release|Any CPU
		{9717572A-B64B-4C53-8542-5E25EF38C823}.Debug|Any CPU.ActiveCfg = Debug|Any CPU
		{9717572A-B64B-4C53-8542-5E25EF38C823}.Debug|Any CPU.Build.0 = Debug|Any CPU
		{9717572A-B64B-4C53-8542-5E25EF38C823}.Release|Any CPU.ActiveCfg = Release|Any CPU
		{9717572A-B64B-4C53-8542-5E25EF38C823}.Release|Any CPU.Build.0 = Release|Any CPU
		{9D226E83-EEAE-4987-994C-4846290DAA81}.Debug|Any CPU.ActiveCfg = Debug|Any CPU
		{9D226E83-EEAE-4987-994C-4846290DAA81}.Debug|Any CPU.Build.0 = Debug|Any CPU
		{9D226E83-EEAE-4987-994C-4846290DAA81}.Release|Any CPU.ActiveCfg = Release|Any CPU
		{9D226E83-EEAE-4987-994C-4846290DAA81}.Release|Any CPU.Build.0 = Release|Any CPU
		{DFE12A2B-1632-4EE6-8D37-14A4BA37A725}.Debug|Any CPU.ActiveCfg = Debug|Any CPU
		{DFE12A2B-1632-4EE6-8D37-14A4BA37A725}.Debug|Any CPU.Build.0 = Debug|Any CPU
		{DFE12A2B-1632-4EE6-8D37-14A4BA37A725}.Release|Any CPU.ActiveCfg = Release|Any CPU
		{DFE12A2B-1632-4EE6-8D37-14A4BA37A725}.Release|Any CPU.Build.0 = Release|Any CPU
		{2B324BB6-C43F-4DA4-B141-CE5DDC0352FA}.Debug|Any CPU.ActiveCfg = Debug|Any CPU
		{2B324BB6-C43F-4DA4-B141-CE5DDC0352FA}.Debug|Any CPU.Build.0 = Debug|Any CPU
		{2B324BB6-C43F-4DA4-B141-CE5DDC0352FA}.Release|Any CPU.ActiveCfg = Release|Any CPU
		{2B324BB6-C43F-4DA4-B141-CE5DDC0352FA}.Release|Any CPU.Build.0 = Release|Any CPU
		{7A581D11-A57A-4190-B18C-AFCD8871BE0A}.Debug|Any CPU.ActiveCfg = Debug|Any CPU
		{7A581D11-A57A-4190-B18C-AFCD8871BE0A}.Debug|Any CPU.Build.0 = Debug|Any CPU
		{7A581D11-A57A-4190-B18C-AFCD8871BE0A}.Release|Any CPU.ActiveCfg = Release|Any CPU
		{7A581D11-A57A-4190-B18C-AFCD8871BE0A}.Release|Any CPU.Build.0 = Release|Any CPU
		{6B68BD3B-8FB0-45F8-853B-FDD296B42A94}.Debug|Any CPU.ActiveCfg = Debug|Any CPU
		{6B68BD3B-8FB0-45F8-853B-FDD296B42A94}.Debug|Any CPU.Build.0 = Debug|Any CPU
		{6B68BD3B-8FB0-45F8-853B-FDD296B42A94}.Release|Any CPU.ActiveCfg = Release|Any CPU
		{6B68BD3B-8FB0-45F8-853B-FDD296B42A94}.Release|Any CPU.Build.0 = Release|Any CPU
		{1B6FB9E6-AF64-493A-890E-0F258BEE74D3}.Debug|Any CPU.ActiveCfg = Debug|Any CPU
		{1B6FB9E6-AF64-493A-890E-0F258BEE74D3}.Debug|Any CPU.Build.0 = Debug|Any CPU
		{1B6FB9E6-AF64-493A-890E-0F258BEE74D3}.Release|Any CPU.ActiveCfg = Release|Any CPU
		{1B6FB9E6-AF64-493A-890E-0F258BEE74D3}.Release|Any CPU.Build.0 = Release|Any CPU
	EndGlobalSection
	GlobalSection(SolutionProperties) = preSolution
		HideSolutionNode = FALSE
	EndGlobalSection
	GlobalSection(NestedProjects) = preSolution
		{E3A7390B-099A-4171-949C-AB2AA71B0451} = {01E7C875-E881-404C-89A0-F9B58052F100}
		{010861CA-0A4D-43AC-9036-82E91B0D34E7} = {E3A7390B-099A-4171-949C-AB2AA71B0451}
		{9717572A-B64B-4C53-8542-5E25EF38C823} = {BDE52034-DC0F-45D0-B2AF-C9C33F127D1A}
		{9D226E83-EEAE-4987-994C-4846290DAA81} = {0BAEB849-FC0B-4ED5-884E-01DE3449FE94}
		{DFE12A2B-1632-4EE6-8D37-14A4BA37A725} = {A65005EA-8606-44A4-AE13-3E83FC486B14}
		{2B324BB6-C43F-4DA4-B141-CE5DDC0352FA} = {BDE52034-DC0F-45D0-B2AF-C9C33F127D1A}
		{7A581D11-A57A-4190-B18C-AFCD8871BE0A} = {0BAEB849-FC0B-4ED5-884E-01DE3449FE94}
		{6B68BD3B-8FB0-45F8-853B-FDD296B42A94} = {BDE52034-DC0F-45D0-B2AF-C9C33F127D1A}
		{1B6FB9E6-AF64-493A-890E-0F258BEE74D3} = {0BAEB849-FC0B-4ED5-884E-01DE3449FE94}
	EndGlobalSection
	GlobalSection(ExtensibilityGlobals) = postSolution
		SolutionGuid = {8CD18C08-D1CD-4B82-B862-1F1812B3118C}
	EndGlobalSection
EndGlobal
